
Microsoft Visual Studio Solution File, Format Version 12.00
# Visual Studio 15
VisualStudioVersion = 15.0.27428.2037
MinimumVisualStudioVersion = 10.0.40219.1
Project("{FAE04EC0-301F-11D3-BF4B-00C04F79EFBC}") = "MoneyManager", "MoneyManager\MoneyManager.csproj", "{B5112DE5-2684-4EEC-9B83-B9CB0018ABE2}"
EndProject
Global
	GlobalSection(SolutionConfigurationPlatforms) = preSolution
		Debug|Any CPU = Debug|Any CPU
		Release|Any CPU = Release|Any CPU
	EndGlobalSection
	GlobalSection(ProjectConfigurationPlatforms) = postSolution
		{B5112DE5-2684-4EEC-9B83-B9CB0018ABE2}.Debug|Any CPU.ActiveCfg = Debug|Any CPU
		{B5112DE5-2684-4EEC-9B83-B9CB0018ABE2}.Debug|Any CPU.Build.0 = Debug|Any CPU
		{B5112DE5-2684-4EEC-9B83-B9CB0018ABE2}.Release|Any CPU.ActiveCfg = Release|Any CPU
		{B5112DE5-2684-4EEC-9B83-B9CB0018ABE2}.Release|Any CPU.Build.0 = Release|Any CPU
	EndGlobalSection
	GlobalSection(SolutionProperties) = preSolution
		HideSolutionNode = FALSE
	EndGlobalSection
	GlobalSection(ExtensibilityGlobals) = postSolution
		SolutionGuid = {703EF231-E619-4CC3-985A-F501A01B63D8}
	EndGlobalSection
EndGlobal
